
Microsoft Visual Studio Solution File, Format Version 12.00
# Visual Studio Version 16
VisualStudioVersion = 16.0.30804.86
MinimumVisualStudioVersion = 10.0.40219.1
Project("{FAE04EC0-301F-11D3-BF4B-00C04F79EFBC}") = "EF_Pet care 12Jan21", "EF_Pet care 12Jan21\EF_Pet care 12Jan21.csproj", "{7BA9EE93-6890-4008-9240-EA8B2EBCEFE9}"
EndProject
Global
	GlobalSection(SolutionConfigurationPlatforms) = preSolution
		Debug|Any CPU = Debug|Any CPU
		Release|Any CPU = Release|Any CPU
	EndGlobalSection
	GlobalSection(ProjectConfigurationPlatforms) = postSolution
		{7BA9EE93-6890-4008-9240-EA8B2EBCEFE9}.Debug|Any CPU.ActiveCfg = Debug|Any CPU
		{7BA9EE93-6890-4008-9240-EA8B2EBCEFE9}.Debug|Any CPU.Build.0 = Debug|Any CPU
		{7BA9EE93-6890-4008-9240-EA8B2EBCEFE9}.Release|Any CPU.ActiveCfg = Release|Any CPU
		{7BA9EE93-6890-4008-9240-EA8B2EBCEFE9}.Release|Any CPU.Build.0 = Release|Any CPU
	EndGlobalSection
	GlobalSection(SolutionProperties) = preSolution
		HideSolutionNode = FALSE
	EndGlobalSection
	GlobalSection(ExtensibilityGlobals) = postSolution
		SolutionGuid = {DEACE9F4-99A8-4D2F-9FE5-93A29C946202}
	EndGlobalSection
EndGlobal
